
Microsoft Visual Studio Solution File, Format Version 12.00
# Visual Studio Version 17
VisualStudioVersion = 17.14.36301.6 d17.14
MinimumVisualStudioVersion = 10.0.40219.1
Project("{FAE04EC0-301F-11D3-BF4B-00C04F79EFBC}") = "ProductInventoryManagement", "ProductInventoryManagement\ProductInventoryManagement.csproj", "{9C82AE3A-05C2-4C20-A532-935BD60CA21C}"
EndProject
Global
	GlobalSection(SolutionConfigurationPlatforms) = preSolution
		Debug|Any CPU = Debug|Any CPU
		Release|Any CPU = Release|Any CPU
	EndGlobalSection
	GlobalSection(ProjectConfigurationPlatforms) = postSolution
		{9C82AE3A-05C2-4C20-A532-935BD60CA21C}.Debug|Any CPU.ActiveCfg = Debug|Any CPU
		{9C82AE3A-05C2-4C20-A532-935BD60CA21C}.Debug|Any CPU.Build.0 = Debug|Any CPU
		{9C82AE3A-05C2-4C20-A532-935BD60CA21C}.Release|Any CPU.ActiveCfg = Release|Any CPU
		{9C82AE3A-05C2-4C20-A532-935BD60CA21C}.Release|Any CPU.Build.0 = Release|Any CPU
	EndGlobalSection
	GlobalSection(SolutionProperties) = preSolution
		HideSolutionNode = FALSE
	EndGlobalSection
	GlobalSection(ExtensibilityGlobals) = postSolution
		SolutionGuid = {8310AC25-C278-4CF2-A3BE-3F211944A1DF}
	EndGlobalSection
EndGlobal
